
Microsoft Visual Studio Solution File, Format Version 12.00
# Visual Studio Version 17
VisualStudioVersion = 17.14.36518.9 d17.14
MinimumVisualStudioVersion = 10.0.40219.1
Project("{FAE04EC0-301F-11D3-BF4B-00C04F79EFBC}") = "Sklad_2", "Sklad_2.csproj", "{CD193248-4F25-C7B2-0BFD-1929DB89E86C}"
EndProject
Project("{9A19103F-16F7-4668-BE54-9A1E7A4F7556}") = "Sklad_2.Tests", "Sklad_2.Tests\Sklad_2.Tests.csproj", "{8A7C4E9D-2B1F-4F3A-9D8E-1C2A3B4D5E6F}"
	ProjectSection(ProjectDependencies) = postProject
		{CD193248-4F25-C7B2-0BFD-1929DB89E86C} = {CD193248-4F25-C7B2-0BFD-1929DB89E86C}
	EndProjectSection
EndProject
Global
	GlobalSection(SolutionConfigurationPlatforms) = preSolution
		Debug|Any CPU = Debug|Any CPU
		Debug|ARM64 = Debug|ARM64
		Debug|x64 = Debug|x64
		Debug|x86 = Debug|x86
		Release|Any CPU = Release|Any CPU
		Release|ARM64 = Release|ARM64
		Release|x64 = Release|x64
		Release|x86 = Release|x86
	EndGlobalSection
	GlobalSection(ProjectConfigurationPlatforms) = postSolution
		{CD193248-4F25-C7B2-0BFD-1929DB89E86C}.Debug|Any CPU.ActiveCfg = Debug|x64
		{CD193248-4F25-C7B2-0BFD-1929DB89E86C}.Debug|Any CPU.Build.0 = Debug|x64
		{CD193248-4F25-C7B2-0BFD-1929DB89E86C}.Debug|ARM64.ActiveCfg = Debug|ARM64
		{CD193248-4F25-C7B2-0BFD-1929DB89E86C}.Debug|ARM64.Build.0 = Debug|ARM64
		{CD193248-4F25-C7B2-0BFD-1929DB89E86C}.Debug|x64.ActiveCfg = Debug|x64
		{CD193248-4F25-C7B2-0BFD-1929DB89E86C}.Debug|x64.Build.0 = Debug|x64
		{CD193248-4F25-C7B2-0BFD-1929DB89E86C}.Debug|x86.ActiveCfg = Debug|x86
		{CD193248-4F25-C7B2-0BFD-1929DB89E86C}.Debug|x86.Build.0 = Debug|x86
		{CD193248-4F25-C7B2-0BFD-1929DB89E86C}.Release|Any CPU.ActiveCfg = Release|x64
		{CD193248-4F25-C7B2-0BFD-1929DB89E86C}.Release|Any CPU.Build.0 = Release|x64
		{CD193248-4F25-C7B2-0BFD-1929DB89E86C}.Release|ARM64.ActiveCfg = Release|ARM64
		{CD193248-4F25-C7B2-0BFD-1929DB89E86C}.Release|ARM64.Build.0 = Release|ARM64
		{CD193248-4F25-C7B2-0BFD-1929DB89E86C}.Release|x64.ActiveCfg = Release|x64
		{CD193248-4F25-C7B2-0BFD-1929DB89E86C}.Release|x64.Build.0 = Release|x64
		{CD193248-4F25-C7B2-0BFD-1929DB89E86C}.Release|x86.ActiveCfg = Release|x86
		{CD193248-4F25-C7B2-0BFD-1929DB89E86C}.Release|x86.Build.0 = Release|x86
		{8A7C4E9D-2B1F-4F3A-9D8E-1C2A3B4D5E6F}.Debug|Any CPU.ActiveCfg = Debug|Any CPU
		{8A7C4E9D-2B1F-4F3A-9D8E-1C2A3B4D5E6F}.Debug|Any CPU.Build.0 = Debug|Any CPU
		{8A7C4E9D-2B1F-4F3A-9D8E-1C2A3B4D5E6F}.Debug|ARM64.ActiveCfg = Debug|Any CPU
		{8A7C4E9D-2B1F-4F3A-9D8E-1C2A3B4D5E6F}.Debug|ARM64.Build.0 = Debug|Any CPU
		{8A7C4E9D-2B1F-4F3A-9D8E-1C2A3B4D5E6F}.Debug|x64.ActiveCfg = Debug|Any CPU
		{8A7C4E9D-2B1F-4F3A-9D8E-1C2A3B4D5E6F}.Debug|x64.Build.0 = Debug|Any CPU
		{8A7C4E9D-2B1F-4F3A-9D8E-1C2A3B4D5E6F}.Debug|x86.ActiveCfg = Debug|Any CPU
		{8A7C4E9D-2B1F-4F3A-9D8E-1C2A3B4D5E6F}.Debug|x86.Build.0 = Debug|Any CPU
		{8A7C4E9D-2B1F-4F3A-9D8E-1C2A3B4D5E6F}.Release|Any CPU.ActiveCfg = Release|Any CPU
		{8A7C4E9D-2B1F-4F3A-9D8E-1C2A3B4D5E6F}.Release|Any CPU.Build.0 = Release|Any CPU
		{8A7C4E9D-2B1F-4F3A-9D8E-1C2A3B4D5E6F}.Release|ARM64.ActiveCfg = Release|Any CPU
		{8A7C4E9D-2B1F-4F3A-9D8E-1C2A3B4D5E6F}.Release|ARM64.Build.0 = Release|Any CPU
		{8A7C4E9D-2B1F-4F3A-9D8E-1C2A3B4D5E6F}.Release|x64.ActiveCfg = Release|Any CPU
		{8A7C4E9D-2B1F-4F3A-9D8E-1C2A3B4D5E6F}.Release|x64.Build.0 = Release|Any CPU
		{8A7C4E9D-2B1F-4F3A-9D8E-1C2A3B4D5E6F}.Release|x86.ActiveCfg = Release|Any CPU
		{8A7C4E9D-2B1F-4F3A-9D8E-1C2A3B4D5E6F}.Release|x86.Build.0 = Release|Any CPU
	EndGlobalSection
	GlobalSection(SolutionProperties) = preSolution
		HideSolutionNode = FALSE
	EndGlobalSection
	GlobalSection(ExtensibilityGlobals) = postSolution
		SolutionGuid = {D158378C-1479-4B7B-864B-37908586796F}
	EndGlobalSection
EndGlobal
